
Microsoft Visual Studio Solution File, Format Version 12.00
# Visual Studio Version 16
VisualStudioVersion = 16.0.29230.47
MinimumVisualStudioVersion = 10.0.40219.1
Project("{9A19103F-16F7-4668-BE54-9A1E7A4F7556}") = "StateMachineEngine", "StateMachineEngine\StateMachineEngine.csproj", "{BDC9CA70-E444-4743-9FBF-F6C21B9A1438}"
EndProject
Project("{2150E333-8FDC-42A3-9474-1A3956D46DE8}") = "Solution Items", "Solution Items", "{CC451AE2-F46D-4415-B156-2C455A01FBA8}"
	ProjectSection(SolutionItems) = preProject
		Readme.md = Readme.md
	EndProjectSection
EndProject
Project("{9A19103F-16F7-4668-BE54-9A1E7A4F7556}") = "StateMachineEngine.UI", "StateMachineEngine.UI\StateMachineEngine.UI.csproj", "{67C50F32-68E1-4122-B0B4-6CE08684716B}"
EndProject
Project("{FAE04EC0-301F-11D3-BF4B-00C04F79EFBC}") = "ClassLibrary2", "ClassLibrary2\ClassLibrary2.csproj", "{D7461B67-287B-4897-BB42-8B63191D467F}"
EndProject
Global
	GlobalSection(SolutionConfigurationPlatforms) = preSolution
		Debug|Any CPU = Debug|Any CPU
		Debug|Mixed Platforms = Debug|Mixed Platforms
		Debug|x86 = Debug|x86
		Release|Any CPU = Release|Any CPU
		Release|Mixed Platforms = Release|Mixed Platforms
		Release|x86 = Release|x86
	EndGlobalSection
	GlobalSection(ProjectConfigurationPlatforms) = postSolution
		{BDC9CA70-E444-4743-9FBF-F6C21B9A1438}.Debug|Any CPU.ActiveCfg = Debug|Any CPU
		{BDC9CA70-E444-4743-9FBF-F6C21B9A1438}.Debug|Any CPU.Build.0 = Debug|Any CPU
		{BDC9CA70-E444-4743-9FBF-F6C21B9A1438}.Debug|Mixed Platforms.ActiveCfg = Debug|Any CPU
		{BDC9CA70-E444-4743-9FBF-F6C21B9A1438}.Debug|Mixed Platforms.Build.0 = Debug|Any CPU
		{BDC9CA70-E444-4743-9FBF-F6C21B9A1438}.Debug|x86.ActiveCfg = Debug|Any CPU
		{BDC9CA70-E444-4743-9FBF-F6C21B9A1438}.Debug|x86.Build.0 = Debug|Any CPU
		{BDC9CA70-E444-4743-9FBF-F6C21B9A1438}.Release|Any CPU.ActiveCfg = Release|Any CPU
		{BDC9CA70-E444-4743-9FBF-F6C21B9A1438}.Release|Any CPU.Build.0 = Release|Any CPU
		{BDC9CA70-E444-4743-9FBF-F6C21B9A1438}.Release|Mixed Platforms.ActiveCfg = Release|Any CPU
		{BDC9CA70-E444-4743-9FBF-F6C21B9A1438}.Release|Mixed Platforms.Build.0 = Release|Any CPU
		{BDC9CA70-E444-4743-9FBF-F6C21B9A1438}.Release|x86.ActiveCfg = Release|Any CPU
		{BDC9CA70-E444-4743-9FBF-F6C21B9A1438}.Release|x86.Build.0 = Release|Any CPU
		{67C50F32-68E1-4122-B0B4-6CE08684716B}.Debug|Any CPU.ActiveCfg = Debug|Any CPU
		{67C50F32-68E1-4122-B0B4-6CE08684716B}.Debug|Any CPU.Build.0 = Debug|Any CPU
		{67C50F32-68E1-4122-B0B4-6CE08684716B}.Debug|Mixed Platforms.ActiveCfg = Debug|Any CPU
		{67C50F32-68E1-4122-B0B4-6CE08684716B}.Debug|Mixed Platforms.Build.0 = Debug|Any CPU
		{67C50F32-68E1-4122-B0B4-6CE08684716B}.Debug|x86.ActiveCfg = Debug|Any CPU
		{67C50F32-68E1-4122-B0B4-6CE08684716B}.Debug|x86.Build.0 = Debug|Any CPU
		{67C50F32-68E1-4122-B0B4-6CE08684716B}.Release|Any CPU.ActiveCfg = Release|Any CPU
		{67C50F32-68E1-4122-B0B4-6CE08684716B}.Release|Any CPU.Build.0 = Release|Any CPU
		{67C50F32-68E1-4122-B0B4-6CE08684716B}.Release|Mixed Platforms.ActiveCfg = Release|Any CPU
		{67C50F32-68E1-4122-B0B4-6CE08684716B}.Release|Mixed Platforms.Build.0 = Release|Any CPU
		{67C50F32-68E1-4122-B0B4-6CE08684716B}.Release|x86.ActiveCfg = Release|Any CPU
		{67C50F32-68E1-4122-B0B4-6CE08684716B}.Release|x86.Build.0 = Release|Any CPU
		{D7461B67-287B-4897-BB42-8B63191D467F}.Debug|Any CPU.ActiveCfg = Debug|Any CPU
		{D7461B67-287B-4897-BB42-8B63191D467F}.Debug|Any CPU.Build.0 = Debug|Any CPU
		{D7461B67-287B-4897-BB42-8B63191D467F}.Debug|Mixed Platforms.ActiveCfg = Debug|Any CPU
		{D7461B67-287B-4897-BB42-8B63191D467F}.Debug|Mixed Platforms.Build.0 = Debug|Any CPU
		{D7461B67-287B-4897-BB42-8B63191D467F}.Debug|x86.ActiveCfg = Debug|Any CPU
		{D7461B67-287B-4897-BB42-8B63191D467F}.Debug|x86.Build.0 = Debug|Any CPU
		{D7461B67-287B-4897-BB42-8B63191D467F}.Release|Any CPU.ActiveCfg = Release|Any CPU
		{D7461B67-287B-4897-BB42-8B63191D467F}.Release|Any CPU.Build.0 = Release|Any CPU
		{D7461B67-287B-4897-BB42-8B63191D467F}.Release|Mixed Platforms.ActiveCfg = Release|Any CPU
		{D7461B67-287B-4897-BB42-8B63191D467F}.Release|Mixed Platforms.Build.0 = Release|Any CPU
		{D7461B67-287B-4897-BB42-8B63191D467F}.Release|x86.ActiveCfg = Release|Any CPU
		{D7461B67-287B-4897-BB42-8B63191D467F}.Release|x86.Build.0 = Release|Any CPU
	EndGlobalSection
	GlobalSection(SolutionProperties) = preSolution
		HideSolutionNode = FALSE
	EndGlobalSection
	GlobalSection(ExtensibilityGlobals) = postSolution
		SolutionGuid = {F001E7F5-7F90-426A-BE4E-056CBCEDFD60}
	EndGlobalSection
	GlobalSection(SubversionScc) = preSolution
		Svn-Managed = True
		Manager = AnkhSVN - Subversion Support for Visual Studio
	EndGlobalSection
	GlobalSection(TestCaseManagementSettings) = postSolution
		CategoryFile = GTS.vsmdi
	EndGlobalSection
EndGlobal
